{
  "name": "digiroad2",
  "version": "0.0.1",
  "lockfileVersion": 1,
  "requires": true,
  "dependencies": {
    "backbone": {
      "version": "1.5.0",
      "resolved": "https://registry.npmjs.org/backbone/-/backbone-1.5.0.tgz",
      "integrity": "sha512-RPKlstw5NW+rD2X4PnEnvgLhslRnXOugXw2iBloHkPMgOxvakP1/A+tZIGM3qCm8uvZeEf8zMm0uvcK1JwL+IA==",
      "requires": {
        "underscore": ">=1.8.3"
      }
    },
    "chai-jquery": {
      "version": "2.1.0",
      "resolved": "https://registry.npmjs.org/chai-jquery/-/chai-jquery-2.1.0.tgz",
      "integrity": "sha512-DiKSXcmInlt4d+WC5PkisDL5MsgJPd1lCSfZ3NgeSZJ34CJntEIpPOCdpalH2IhOWHeLpESJaiuHFxX1dpZ6bw=="
    },
    "ieee754": {
      "version": "1.2.1",
      "resolved": "https://registry.npmjs.org/ieee754/-/ieee754-1.2.1.tgz",
      "integrity": "sha512-dcyqhDvX1C46lXZcVqCpK+FtMRQVdIMN6/Df5js2zouUsqG7I6sFxitIC+7KYK29KdXOLHdu9zL4sFnoVQnqaA=="
    },
    "jquery": {
      "version": "3.4.1",
      "resolved": "https://registry.npmjs.org/jquery/-/jquery-3.4.1.tgz",
      "integrity": "sha512-36+AdBzCL+y6qjw5Tx7HgzeGCzC81MDDgaUP8ld2zhx58HdqXGoBd+tHdrBMiyjGQs0Hxs/MLZTu/eHNJJuWPw=="
    },
    "jquery-migrate": {
      "version": "3.3.0",
      "resolved": "https://registry.npmjs.org/jquery-migrate/-/jquery-migrate-3.3.0.tgz",
      "integrity": "sha512-9YhxHLmZZW3neoTw+MAbHV7geQYbnj4dnLuLphjbhDv/QKfxXNQ/pFoUjEsHNZnLH+k8pe+RFFBbORtwC2wzvA=="
    },
    "jquery-ui-dist": {
      "version": "1.12.0",
      "resolved": "https://registry.npmjs.org/jquery-ui-dist/-/jquery-ui-dist-1.12.0.tgz",
      "integrity": "sha512-D7vOZZpF55Jgnw7lSNX6I95lA+tzw6uEiHM1uE06JZTNJmiIRDe/hQs+WVggkFyuTrY0fxpY8qvw+G2DL0rMpg=="
    },
    "jquery-validation": {
      "version": "1.20.1",
      "resolved": "https://registry.npmjs.org/jquery-validation/-/jquery-validation-1.20.1.tgz",
      "integrity": "sha512-rbBy36Xe5WBCO8OLdZLhPhVjb70KayuoX3WYRNwNpy9TXuUadhNTcaipr6jEIacn+V4jgXB2xUJl6hYzJxr5jw=="
    },
    "lodash": {
      "version": "4.17.21",
      "resolved": "https://registry.npmjs.org/lodash/-/lodash-4.17.21.tgz",
      "integrity": "sha512-v2kDEe57lecTulaDIuNTPy3Ry4gLGJ6Z1O3vE1krgXZNrsQ+LFTGHVxVjcXPs17LhbZVGedAJv8XZ1tvj5FvSg=="
    },
    "mgrs": {
      "version": "1.0.0",
      "resolved": "https://registry.npmjs.org/mgrs/-/mgrs-1.0.0.tgz",
      "integrity": "sha512-awNbTOqCxK1DBGjalK3xqWIstBZgN6fxsMSiXLs9/spqWkF2pAhb2rrYCFSsr1/tT7PhcDGjZndG8SWYn0byYA=="
    },
    "moment": {
      "version": "2.29.4",
      "resolved": "https://registry.npmjs.org/moment/-/moment-2.29.4.tgz",
      "integrity": "sha512-5LC9SOxjSc2HF6vO2CyuTDNivEdoz2IvyJJGj6X8DJ0eFyfszE0QiEd+iXmBvUP3WHxSjFH/vIsA0EN00cgr8w=="
    },
    "multiselect-two-sides": {
      "version": "2.5.0",
      "resolved": "https://registry.npmjs.org/multiselect-two-sides/-/multiselect-two-sides-2.5.0.tgz",
      "integrity": "sha512-RvR9TTSRqkVhAWJ4n8Jv9WjGS3ApKBuLauo/yPWY/R/zR+g+mNL2WIUNfsHf3hfPVNwxp/zyhZGmIzmqAlt+0g==",
      "requires": {
        "jquery": ">=1.7"
      }
    },
    "ol": {
      "version": "5.3.3",
      "resolved": "https://registry.npmjs.org/ol/-/ol-5.3.3.tgz",
      "integrity": "sha512-7eU4x8YMduNcED1D5wI+AMWDRe7/1HmGfsbV+kFFROI9RNABU/6n4osj6Q3trZbxxKnK2DSRIjIRGwRHT/Z+Ww==",
      "requires": {
        "pbf": "3.1.0",
        "pixelworks": "1.1.0",
        "rbush": "2.0.2"
      }
    },
    "pbf": {
      "version": "3.1.0",
      "resolved": "https://registry.npmjs.org/pbf/-/pbf-3.1.0.tgz",
      "integrity": "sha512-/hYJmIsTmh7fMkHAWWXJ5b8IKLWdjdlAFb3IHkRBn1XUhIYBChVGfVwmHEAV3UfXTxsP/AKfYTXTS/dCPxJd5w==",
      "requires": {
        "ieee754": "^1.1.6",
        "resolve-protobuf-schema": "^2.0.0"
      }
    },
    "pikaday": {
      "version": "1.8.0",
      "resolved": "https://registry.npmjs.org/pikaday/-/pikaday-1.8.0.tgz",
      "integrity": "sha512-SgGxMYX0NHj9oQnMaSyAipr2gOrbB4Lfs/TJTb6H6hRHs39/5c5VZi73Q8hr53+vWjdn6HzkWcj8Vtl3c9ziaA=="
    },
    "pixelworks": {
      "version": "1.1.0",
      "resolved": "https://registry.npmjs.org/pixelworks/-/pixelworks-1.1.0.tgz",
      "integrity": "sha512-nDqeyp0pvOvCihLsyc9GHWKP4THUtcfQ+qs61uiVaZdlNv0j7y6PWNyPfnTtuxMJ+MTAqff2QbbM/1DyCcRdOQ=="
    },
    "proj4": {
      "version": "2.11.0",
      "resolved": "https://registry.npmjs.org/proj4/-/proj4-2.11.0.tgz",
      "integrity": "sha512-SasuTkAx8HnWQHfIyhkdUNJorSJqINHAN3EyMWYiQRVorftz9DHz650YraFgczwgtHOxqnfuDxSNv3C8MUnHeg==",
      "requires": {
        "mgrs": "1.0.0",
        "wkt-parser": "^1.3.3"
      }
    },
    "protocol-buffers-schema": {
      "version": "3.6.0",
      "resolved": "https://registry.npmjs.org/protocol-buffers-schema/-/protocol-buffers-schema-3.6.0.tgz",
      "integrity": "sha512-TdDRD+/QNdrCGCE7v8340QyuXd4kIWIgapsE2+n/SaGiSSbomYl4TjHlvIoCWRpE7wFt02EpB35VVA2ImcBVqw=="
    },
    "quickselect": {
      "version": "1.1.1",
      "resolved": "https://registry.npmjs.org/quickselect/-/quickselect-1.1.1.tgz",
      "integrity": "sha512-qN0Gqdw4c4KGPsBOQafj6yj/PA6c/L63f6CaZ/DCF/xF4Esu3jVmKLUDYxghFx8Kb/O7y9tI7x2RjTSXwdK1iQ=="
    },
    "rbush": {
      "version": "2.0.2",
      "resolved": "https://registry.npmjs.org/rbush/-/rbush-2.0.2.tgz",
      "integrity": "sha512-XBOuALcTm+O/H8G90b6pzu6nX6v2zCKiFG4BJho8a+bY6AER6t8uQUZdi5bomQc0AprCWhEGa7ncAbbRap0bRA==",
      "requires": {
        "quickselect": "^1.0.1"
      }
    },
    "requirejs": {
      "version": "2.3.6",
      "resolved": "https://registry.npmjs.org/requirejs/-/requirejs-2.3.6.tgz",
      "integrity": "sha512-ipEzlWQe6RK3jkzikgCupiTbTvm4S0/CAU5GlgptkN5SO6F3u0UD0K18wy6ErDqiCyP4J4YYe1HuAShvsxePLg=="
    },
    "resolve-protobuf-schema": {
      "version": "2.1.0",
      "resolved": "https://registry.npmjs.org/resolve-protobuf-schema/-/resolve-protobuf-schema-2.1.0.tgz",
      "integrity": "sha512-kI5ffTiZWmJaS/huM8wZfEMer1eRd7oJQhDuxeCLe3t7N7mX3z94CN0xPxBQxFYQTSNz9T0i+v6inKqSdK8xrQ==",
      "requires": {
        "protocol-buffers-schema": "^3.3.1"
      }
    },
    "underscore": {
      "version": "1.13.6",
      "resolved": "https://registry.npmjs.org/underscore/-/underscore-1.13.6.tgz",
      "integrity": "sha512-+A5Sja4HP1M08MaXya7p5LvjuM7K6q/2EaC0+iovj/wOcMsTzMvDFbasi/oSapiwOlt252IqsKqPjCl7huKS0A=="
    },
    "web-console-reporter": {
      "version": "1.0.0",
      "resolved": "https://registry.npmjs.org/web-console-reporter/-/web-console-reporter-1.0.0.tgz",
      "integrity": "sha512-06Yoh4HouzkDDRJNinc6i2Kr5CFEj1AzHIxfoUN/xC6O/o0CFKd1WCLHQ8VLdwF+sAOmiuy9gpYvn+UgDzOB3g=="
    },
    "wkt-parser": {
      "version": "1.3.3",
      "resolved": "https://registry.npmjs.org/wkt-parser/-/wkt-parser-1.3.3.tgz",
      "integrity": "sha512-ZnV3yH8/k58ZPACOXeiHaMuXIiaTk1t0hSUVisbO0t4RjA5wPpUytcxeyiN2h+LZRrmuHIh/1UlrR9e7DHDvTw=="
    },
    "yarn": {
      "version": "1.22.4",
      "resolved": "https://registry.npmjs.org/yarn/-/yarn-1.22.4.tgz",
      "integrity": "sha512-oYM7hi/lIWm9bCoDMEWgffW8aiNZXCWeZ1/tGy0DWrN6vmzjCXIKu2Y21o8DYVBUtiktwKcNoxyGl/2iKLUNGA=="
    }
  }
}